
Microsoft Visual Studio Solution File, Format Version 12.00
# Visual Studio Version 17
VisualStudioVersion = 17.0.32014.148
MinimumVisualStudioVersion = 10.0.40219.1
Project("{2150E333-8FDC-42A3-9474-1A3956D46DE8}") = "Services", "Services", "{8341439F-5F2F-4B04-B927-72279B7F72ED}"
EndProject
Project("{2150E333-8FDC-42A3-9474-1A3956D46DE8}") = "Catelog", "Catelog", "{52C19402-DA2B-4BB9-8B46-9DAF46A690B5}"
EndProject
Project("{FAE04EC0-301F-11D3-BF4B-00C04F79EFBC}") = "Catelog.API", "Services\Catelog\Catelog.API\Catelog.API.csproj", "{D9545C75-7C55-4878-98AC-260A2AFE4146}"
EndProject
Global
	GlobalSection(SolutionConfigurationPlatforms) = preSolution
		Debug|Any CPU = Debug|Any CPU
		Release|Any CPU = Release|Any CPU
	EndGlobalSection
	GlobalSection(ProjectConfigurationPlatforms) = postSolution
		{D9545C75-7C55-4878-98AC-260A2AFE4146}.Debug|Any CPU.ActiveCfg = Debug|Any CPU
		{D9545C75-7C55-4878-98AC-260A2AFE4146}.Debug|Any CPU.Build.0 = Debug|Any CPU
		{D9545C75-7C55-4878-98AC-260A2AFE4146}.Release|Any CPU.ActiveCfg = Release|Any CPU
		{D9545C75-7C55-4878-98AC-260A2AFE4146}.Release|Any CPU.Build.0 = Release|Any CPU
	EndGlobalSection
	GlobalSection(SolutionProperties) = preSolution
		HideSolutionNode = FALSE
	EndGlobalSection
	GlobalSection(NestedProjects) = preSolution
		{52C19402-DA2B-4BB9-8B46-9DAF46A690B5} = {8341439F-5F2F-4B04-B927-72279B7F72ED}
		{D9545C75-7C55-4878-98AC-260A2AFE4146} = {52C19402-DA2B-4BB9-8B46-9DAF46A690B5}
	EndGlobalSection
	GlobalSection(ExtensibilityGlobals) = postSolution
		SolutionGuid = {50C0E7B4-CA90-4A53-95A1-AD385CF58B44}
	EndGlobalSection
EndGlobal
